{
  "name": "zipcode_to_location",
  "version": "1.0.0",
  "lockfileVersion": 1,
  "requires": true,
  "dependencies": {
    "zipcodes": {
      "version": "8.0.0",
      "resolved": "https://registry.npmjs.org/zipcodes/-/zipcodes-8.0.0.tgz",
      "integrity": "sha512-V8NolFaJhsPamGeCv5lJdk60Q7JBiXI6e+8JDksPC1NJWZ0t7g1OFfqVLZb2Nc2F5jmf9JTdYdWJBnIhGBvtbA=="
    }
  }
}
